
Microsoft Visual Studio Solution File, Format Version 12.00
# Visual Studio 2013
VisualStudioVersion = 12.0.31101.0
MinimumVisualStudioVersion = 10.0.40219.1
Project("{2150E333-8FDC-42A3-9474-1A3956D46DE8}") = "Meta", "Meta", "{E9FAF832-F327-4F36-8AB3-2A96345DB1A9}"
	ProjectSection(SolutionItems) = preProject
		..\LICENSE = ..\LICENSE
		..\README.md = ..\README.md
		..\ReleaseNotes.md = ..\ReleaseNotes.md
	EndProjectSection
EndProject
Project("{FAE04EC0-301F-11D3-BF4B-00C04F79EFBC}") = "Cake.Tin", "Cake.Tin\Cake.Tin.csproj", "{5E7AB980-CC5C-4002-A5DF-BE9E32D273AE}"
EndProject
Project("{2150E333-8FDC-42A3-9474-1A3956D46DE8}") = ".nuget", ".nuget", "{6B6F2894-57D2-4266-9892-49CCFD7FE085}"
	ProjectSection(SolutionItems) = preProject
		.nuget\packages.config = .nuget\packages.config
	EndProjectSection
EndProject
Project("{FAE04EC0-301F-11D3-BF4B-00C04F79EFBC}") = "Cake.Tin.Start", "Cake.Tin.Start\Cake.Tin.Start.csproj", "{8D89ABCC-60D6-4B68-969E-574C01973EA3}"
EndProject
Project("{FAE04EC0-301F-11D3-BF4B-00C04F79EFBC}") = "Cake.Core", "..\..\cake\src\Cake.Core\Cake.Core.csproj", "{8074B833-11B8-459F-BB98-BFBA2BC5C698}"
EndProject
Project("{FAE04EC0-301F-11D3-BF4B-00C04F79EFBC}") = "Cake", "..\..\cake\src\Cake\Cake.csproj", "{1BF8D4F1-86D3-4B7B-BAF6-4CF3D863B819}"
EndProject
Project("{FAE04EC0-301F-11D3-BF4B-00C04F79EFBC}") = "Cake.Common", "..\..\cake\src\Cake.Common\Cake.Common.csproj", "{ABC3F1CB-F84E-43ED-A120-0CCFE344D250}"
EndProject
Global
	GlobalSection(SolutionConfigurationPlatforms) = preSolution
		Debug|Any CPU = Debug|Any CPU
		Release|Any CPU = Release|Any CPU
	EndGlobalSection
	GlobalSection(ProjectConfigurationPlatforms) = postSolution
		{5E7AB980-CC5C-4002-A5DF-BE9E32D273AE}.Debug|Any CPU.ActiveCfg = Debug|Any CPU
		{5E7AB980-CC5C-4002-A5DF-BE9E32D273AE}.Debug|Any CPU.Build.0 = Debug|Any CPU
		{5E7AB980-CC5C-4002-A5DF-BE9E32D273AE}.Release|Any CPU.ActiveCfg = Release|Any CPU
		{5E7AB980-CC5C-4002-A5DF-BE9E32D273AE}.Release|Any CPU.Build.0 = Release|Any CPU
		{8D89ABCC-60D6-4B68-969E-574C01973EA3}.Debug|Any CPU.ActiveCfg = Debug|Any CPU
		{8D89ABCC-60D6-4B68-969E-574C01973EA3}.Debug|Any CPU.Build.0 = Debug|Any CPU
		{8D89ABCC-60D6-4B68-969E-574C01973EA3}.Release|Any CPU.ActiveCfg = Release|Any CPU
		{8D89ABCC-60D6-4B68-969E-574C01973EA3}.Release|Any CPU.Build.0 = Release|Any CPU
		{8074B833-11B8-459F-BB98-BFBA2BC5C698}.Debug|Any CPU.ActiveCfg = Debug|Any CPU
		{8074B833-11B8-459F-BB98-BFBA2BC5C698}.Debug|Any CPU.Build.0 = Debug|Any CPU
		{8074B833-11B8-459F-BB98-BFBA2BC5C698}.Release|Any CPU.ActiveCfg = Release|Any CPU
		{8074B833-11B8-459F-BB98-BFBA2BC5C698}.Release|Any CPU.Build.0 = Release|Any CPU
		{1BF8D4F1-86D3-4B7B-BAF6-4CF3D863B819}.Debug|Any CPU.ActiveCfg = Debug|Any CPU
		{1BF8D4F1-86D3-4B7B-BAF6-4CF3D863B819}.Debug|Any CPU.Build.0 = Debug|Any CPU
		{1BF8D4F1-86D3-4B7B-BAF6-4CF3D863B819}.Release|Any CPU.ActiveCfg = Release|Any CPU
		{1BF8D4F1-86D3-4B7B-BAF6-4CF3D863B819}.Release|Any CPU.Build.0 = Release|Any CPU
		{ABC3F1CB-F84E-43ED-A120-0CCFE344D250}.Debug|Any CPU.ActiveCfg = Debug|Any CPU
		{ABC3F1CB-F84E-43ED-A120-0CCFE344D250}.Debug|Any CPU.Build.0 = Debug|Any CPU
		{ABC3F1CB-F84E-43ED-A120-0CCFE344D250}.Release|Any CPU.ActiveCfg = Release|Any CPU
		{ABC3F1CB-F84E-43ED-A120-0CCFE344D250}.Release|Any CPU.Build.0 = Release|Any CPU
	EndGlobalSection
	GlobalSection(SolutionProperties) = preSolution
		HideSolutionNode = FALSE
	EndGlobalSection
EndGlobal
